
Microsoft Visual Studio Solution File, Format Version 12.00
# Visual Studio 15
VisualStudioVersion = 15.0.26430.16
MinimumVisualStudioVersion = 10.0.40219.1
Project("{FAE04EC0-301F-11D3-BF4B-00C04F79EFBC}") = "XFPrismMVVM", "XFPrismMVVM\XFPrismMVVM\XFPrismMVVM.csproj", "{6644702D-ABBA-438D-A1C5-C9F899BFC725}"
EndProject
Project("{FAE04EC0-301F-11D3-BF4B-00C04F79EFBC}") = "XFPrismMVVM.Droid", "XFPrismMVVM\XFPrismMVVM.Droid\XFPrismMVVM.Droid.csproj", "{EC73630A-D2D2-4C9A-942A-D42298A4C253}"
EndProject
Project("{FAE04EC0-301F-11D3-BF4B-00C04F79EFBC}") = "XFPrismMVVM.iOS", "XFPrismMVVM\XFPrismMVVM.iOS\XFPrismMVVM.iOS.csproj", "{0606B0F0-2CE3-4F34-99D6-6769B23E03F7}"
EndProject
Global
	GlobalSection(SolutionConfigurationPlatforms) = preSolution
		Ad-Hoc|Any CPU = Ad-Hoc|Any CPU
		Ad-Hoc|iPhone = Ad-Hoc|iPhone
		Ad-Hoc|iPhoneSimulator = Ad-Hoc|iPhoneSimulator
		AppStore|Any CPU = AppStore|Any CPU
		AppStore|iPhone = AppStore|iPhone
		AppStore|iPhoneSimulator = AppStore|iPhoneSimulator
		Debug|Any CPU = Debug|Any CPU
		Debug|iPhone = Debug|iPhone
		Debug|iPhoneSimulator = Debug|iPhoneSimulator
		Release|Any CPU = Release|Any CPU
		Release|iPhone = Release|iPhone
		Release|iPhoneSimulator = Release|iPhoneSimulator
	EndGlobalSection
	GlobalSection(ProjectConfigurationPlatforms) = postSolution
		{6644702D-ABBA-438D-A1C5-C9F899BFC725}.Ad-Hoc|Any CPU.ActiveCfg = Release|Any CPU
		{6644702D-ABBA-438D-A1C5-C9F899BFC725}.Ad-Hoc|Any CPU.Build.0 = Release|Any CPU
		{6644702D-ABBA-438D-A1C5-C9F899BFC725}.Ad-Hoc|iPhone.ActiveCfg = Release|Any CPU
		{6644702D-ABBA-438D-A1C5-C9F899BFC725}.Ad-Hoc|iPhone.Build.0 = Release|Any CPU
		{6644702D-ABBA-438D-A1C5-C9F899BFC725}.Ad-Hoc|iPhoneSimulator.ActiveCfg = Release|Any CPU
		{6644702D-ABBA-438D-A1C5-C9F899BFC725}.Ad-Hoc|iPhoneSimulator.Build.0 = Release|Any CPU
		{6644702D-ABBA-438D-A1C5-C9F899BFC725}.AppStore|Any CPU.ActiveCfg = Release|Any CPU
		{6644702D-ABBA-438D-A1C5-C9F899BFC725}.AppStore|Any CPU.Build.0 = Release|Any CPU
		{6644702D-ABBA-438D-A1C5-C9F899BFC725}.AppStore|iPhone.ActiveCfg = Release|Any CPU
		{6644702D-ABBA-438D-A1C5-C9F899BFC725}.AppStore|iPhone.Build.0 = Release|Any CPU
		{6644702D-ABBA-438D-A1C5-C9F899BFC725}.AppStore|iPhoneSimulator.ActiveCfg = Release|Any CPU
		{6644702D-ABBA-438D-A1C5-C9F899BFC725}.AppStore|iPhoneSimulator.Build.0 = Release|Any CPU
		{6644702D-ABBA-438D-A1C5-C9F899BFC725}.Debug|Any CPU.ActiveCfg = Debug|Any CPU
		{6644702D-ABBA-438D-A1C5-C9F899BFC725}.Debug|Any CPU.Build.0 = Debug|Any CPU
		{6644702D-ABBA-438D-A1C5-C9F899BFC725}.Debug|iPhone.ActiveCfg = Debug|Any CPU
		{6644702D-ABBA-438D-A1C5-C9F899BFC725}.Debug|iPhone.Build.0 = Debug|Any CPU
		{6644702D-ABBA-438D-A1C5-C9F899BFC725}.Debug|iPhoneSimulator.ActiveCfg = Debug|Any CPU
		{6644702D-ABBA-438D-A1C5-C9F899BFC725}.Debug|iPhoneSimulator.Build.0 = Debug|Any CPU
		{6644702D-ABBA-438D-A1C5-C9F899BFC725}.Release|Any CPU.ActiveCfg = Release|Any CPU
		{6644702D-ABBA-438D-A1C5-C9F899BFC725}.Release|Any CPU.Build.0 = Release|Any CPU
		{6644702D-ABBA-438D-A1C5-C9F899BFC725}.Release|iPhone.ActiveCfg = Release|Any CPU
		{6644702D-ABBA-438D-A1C5-C9F899BFC725}.Release|iPhone.Build.0 = Release|Any CPU
		{6644702D-ABBA-438D-A1C5-C9F899BFC725}.Release|iPhoneSimulator.ActiveCfg = Release|Any CPU
		{6644702D-ABBA-438D-A1C5-C9F899BFC725}.Release|iPhoneSimulator.Build.0 = Release|Any CPU
		{EC73630A-D2D2-4C9A-942A-D42298A4C253}.Ad-Hoc|Any CPU.ActiveCfg = Release|Any CPU
		{EC73630A-D2D2-4C9A-942A-D42298A4C253}.Ad-Hoc|Any CPU.Build.0 = Release|Any CPU
		{EC73630A-D2D2-4C9A-942A-D42298A4C253}.Ad-Hoc|Any CPU.Deploy.0 = Release|Any CPU
		{EC73630A-D2D2-4C9A-942A-D42298A4C253}.Ad-Hoc|iPhone.ActiveCfg = Release|Any CPU
		{EC73630A-D2D2-4C9A-942A-D42298A4C253}.Ad-Hoc|iPhone.Build.0 = Release|Any CPU
		{EC73630A-D2D2-4C9A-942A-D42298A4C253}.Ad-Hoc|iPhone.Deploy.0 = Release|Any CPU
		{EC73630A-D2D2-4C9A-942A-D42298A4C253}.Ad-Hoc|iPhoneSimulator.ActiveCfg = Release|Any CPU
		{EC73630A-D2D2-4C9A-942A-D42298A4C253}.Ad-Hoc|iPhoneSimulator.Build.0 = Release|Any CPU
		{EC73630A-D2D2-4C9A-942A-D42298A4C253}.Ad-Hoc|iPhoneSimulator.Deploy.0 = Release|Any CPU
		{EC73630A-D2D2-4C9A-942A-D42298A4C253}.AppStore|Any CPU.ActiveCfg = Release|Any CPU
		{EC73630A-D2D2-4C9A-942A-D42298A4C253}.AppStore|Any CPU.Build.0 = Release|Any CPU
		{EC73630A-D2D2-4C9A-942A-D42298A4C253}.AppStore|Any CPU.Deploy.0 = Release|Any CPU
		{EC73630A-D2D2-4C9A-942A-D42298A4C253}.AppStore|iPhone.ActiveCfg = Release|Any CPU
		{EC73630A-D2D2-4C9A-942A-D42298A4C253}.AppStore|iPhone.Build.0 = Release|Any CPU
		{EC73630A-D2D2-4C9A-942A-D42298A4C253}.AppStore|iPhone.Deploy.0 = Release|Any CPU
		{EC73630A-D2D2-4C9A-942A-D42298A4C253}.AppStore|iPhoneSimulator.ActiveCfg = Release|Any CPU
		{EC73630A-D2D2-4C9A-942A-D42298A4C253}.AppStore|iPhoneSimulator.Build.0 = Release|Any CPU
		{EC73630A-D2D2-4C9A-942A-D42298A4C253}.AppStore|iPhoneSimulator.Deploy.0 = Release|Any CPU
		{EC73630A-D2D2-4C9A-942A-D42298A4C253}.Debug|Any CPU.ActiveCfg = Debug|Any CPU
		{EC73630A-D2D2-4C9A-942A-D42298A4C253}.Debug|Any CPU.Build.0 = Debug|Any CPU
		{EC73630A-D2D2-4C9A-942A-D42298A4C253}.Debug|Any CPU.Deploy.0 = Debug|Any CPU
		{EC73630A-D2D2-4C9A-942A-D42298A4C253}.Debug|iPhone.ActiveCfg = Debug|Any CPU
		{EC73630A-D2D2-4C9A-942A-D42298A4C253}.Debug|iPhone.Build.0 = Debug|Any CPU
		{EC73630A-D2D2-4C9A-942A-D42298A4C253}.Debug|iPhone.Deploy.0 = Debug|Any CPU
		{EC73630A-D2D2-4C9A-942A-D42298A4C253}.Debug|iPhoneSimulator.ActiveCfg = Debug|Any CPU
		{EC73630A-D2D2-4C9A-942A-D42298A4C253}.Debug|iPhoneSimulator.Build.0 = Debug|Any CPU
		{EC73630A-D2D2-4C9A-942A-D42298A4C253}.Debug|iPhoneSimulator.Deploy.0 = Debug|Any CPU
		{EC73630A-D2D2-4C9A-942A-D42298A4C253}.Release|Any CPU.ActiveCfg = Release|Any CPU
		{EC73630A-D2D2-4C9A-942A-D42298A4C253}.Release|Any CPU.Build.0 = Release|Any CPU
		{EC73630A-D2D2-4C9A-942A-D42298A4C253}.Release|Any CPU.Deploy.0 = Release|Any CPU
		{EC73630A-D2D2-4C9A-942A-D42298A4C253}.Release|iPhone.ActiveCfg = Release|Any CPU
		{EC73630A-D2D2-4C9A-942A-D42298A4C253}.Release|iPhone.Build.0 = Release|Any CPU
		{EC73630A-D2D2-4C9A-942A-D42298A4C253}.Release|iPhone.Deploy.0 = Release|Any CPU
		{EC73630A-D2D2-4C9A-942A-D42298A4C253}.Release|iPhoneSimulator.ActiveCfg = Release|Any CPU
		{EC73630A-D2D2-4C9A-942A-D42298A4C253}.Release|iPhoneSimulator.Build.0 = Release|Any CPU
		{EC73630A-D2D2-4C9A-942A-D42298A4C253}.Release|iPhoneSimulator.Deploy.0 = Release|Any CPU
		{0606B0F0-2CE3-4F34-99D6-6769B23E03F7}.Ad-Hoc|Any CPU.ActiveCfg = Ad-Hoc|iPhone
		{0606B0F0-2CE3-4F34-99D6-6769B23E03F7}.Ad-Hoc|iPhone.ActiveCfg = Ad-Hoc|iPhone
		{0606B0F0-2CE3-4F34-99D6-6769B23E03F7}.Ad-Hoc|iPhone.Build.0 = Ad-Hoc|iPhone
		{0606B0F0-2CE3-4F34-99D6-6769B23E03F7}.Ad-Hoc|iPhoneSimulator.ActiveCfg = Ad-Hoc|iPhoneSimulator
		{0606B0F0-2CE3-4F34-99D6-6769B23E03F7}.Ad-Hoc|iPhoneSimulator.Build.0 = Ad-Hoc|iPhoneSimulator
		{0606B0F0-2CE3-4F34-99D6-6769B23E03F7}.AppStore|Any CPU.ActiveCfg = AppStore|iPhone
		{0606B0F0-2CE3-4F34-99D6-6769B23E03F7}.AppStore|iPhone.ActiveCfg = AppStore|iPhone
		{0606B0F0-2CE3-4F34-99D6-6769B23E03F7}.AppStore|iPhone.Build.0 = AppStore|iPhone
		{0606B0F0-2CE3-4F34-99D6-6769B23E03F7}.AppStore|iPhoneSimulator.ActiveCfg = AppStore|iPhoneSimulator
		{0606B0F0-2CE3-4F34-99D6-6769B23E03F7}.AppStore|iPhoneSimulator.Build.0 = AppStore|iPhoneSimulator
		{0606B0F0-2CE3-4F34-99D6-6769B23E03F7}.Debug|Any CPU.ActiveCfg = Debug|iPhone
		{0606B0F0-2CE3-4F34-99D6-6769B23E03F7}.Debug|iPhone.ActiveCfg = Debug|iPhone
		{0606B0F0-2CE3-4F34-99D6-6769B23E03F7}.Debug|iPhone.Build.0 = Debug|iPhone
		{0606B0F0-2CE3-4F34-99D6-6769B23E03F7}.Debug|iPhoneSimulator.ActiveCfg = Debug|iPhoneSimulator
		{0606B0F0-2CE3-4F34-99D6-6769B23E03F7}.Debug|iPhoneSimulator.Build.0 = Debug|iPhoneSimulator
		{0606B0F0-2CE3-4F34-99D6-6769B23E03F7}.Release|Any CPU.ActiveCfg = Release|iPhone
		{0606B0F0-2CE3-4F34-99D6-6769B23E03F7}.Release|iPhone.ActiveCfg = Release|iPhone
		{0606B0F0-2CE3-4F34-99D6-6769B23E03F7}.Release|iPhone.Build.0 = Release|iPhone
		{0606B0F0-2CE3-4F34-99D6-6769B23E03F7}.Release|iPhoneSimulator.ActiveCfg = Release|iPhoneSimulator
		{0606B0F0-2CE3-4F34-99D6-6769B23E03F7}.Release|iPhoneSimulator.Build.0 = Release|iPhoneSimulator
	EndGlobalSection
	GlobalSection(SolutionProperties) = preSolution
		HideSolutionNode = FALSE
	EndGlobalSection
EndGlobal
