
Microsoft Visual Studio Solution File, Format Version 12.00
# Visual Studio 15
VisualStudioVersion = 15.0.26430.16
MinimumVisualStudioVersion = 10.0.40219.1
Project("{FAE04EC0-301F-11D3-BF4B-00C04F79EFBC}") = "XFSimpleNavi", "XFSimpleNavi\XFSimpleNavi\XFSimpleNavi.csproj", "{198FF77D-5DC9-4FC6-A6BF-4EEEFEB044EB}"
EndProject
Project("{FAE04EC0-301F-11D3-BF4B-00C04F79EFBC}") = "XFSimpleNavi.Droid", "XFSimpleNavi\XFSimpleNavi.Droid\XFSimpleNavi.Droid.csproj", "{DC116E23-D695-4094-9FCF-DE15A14526B5}"
EndProject
Project("{FAE04EC0-301F-11D3-BF4B-00C04F79EFBC}") = "XFSimpleNavi.iOS", "XFSimpleNavi\XFSimpleNavi.iOS\XFSimpleNavi.iOS.csproj", "{A7BBAAFA-AFF2-4FA4-A650-99BC36023BF4}"
EndProject
Global
	GlobalSection(SolutionConfigurationPlatforms) = preSolution
		Ad-Hoc|Any CPU = Ad-Hoc|Any CPU
		Ad-Hoc|iPhone = Ad-Hoc|iPhone
		Ad-Hoc|iPhoneSimulator = Ad-Hoc|iPhoneSimulator
		AppStore|Any CPU = AppStore|Any CPU
		AppStore|iPhone = AppStore|iPhone
		AppStore|iPhoneSimulator = AppStore|iPhoneSimulator
		Debug|Any CPU = Debug|Any CPU
		Debug|iPhone = Debug|iPhone
		Debug|iPhoneSimulator = Debug|iPhoneSimulator
		Release|Any CPU = Release|Any CPU
		Release|iPhone = Release|iPhone
		Release|iPhoneSimulator = Release|iPhoneSimulator
	EndGlobalSection
	GlobalSection(ProjectConfigurationPlatforms) = postSolution
		{198FF77D-5DC9-4FC6-A6BF-4EEEFEB044EB}.Ad-Hoc|Any CPU.ActiveCfg = Release|Any CPU
		{198FF77D-5DC9-4FC6-A6BF-4EEEFEB044EB}.Ad-Hoc|Any CPU.Build.0 = Release|Any CPU
		{198FF77D-5DC9-4FC6-A6BF-4EEEFEB044EB}.Ad-Hoc|iPhone.ActiveCfg = Release|Any CPU
		{198FF77D-5DC9-4FC6-A6BF-4EEEFEB044EB}.Ad-Hoc|iPhone.Build.0 = Release|Any CPU
		{198FF77D-5DC9-4FC6-A6BF-4EEEFEB044EB}.Ad-Hoc|iPhoneSimulator.ActiveCfg = Release|Any CPU
		{198FF77D-5DC9-4FC6-A6BF-4EEEFEB044EB}.Ad-Hoc|iPhoneSimulator.Build.0 = Release|Any CPU
		{198FF77D-5DC9-4FC6-A6BF-4EEEFEB044EB}.AppStore|Any CPU.ActiveCfg = Release|Any CPU
		{198FF77D-5DC9-4FC6-A6BF-4EEEFEB044EB}.AppStore|Any CPU.Build.0 = Release|Any CPU
		{198FF77D-5DC9-4FC6-A6BF-4EEEFEB044EB}.AppStore|iPhone.ActiveCfg = Release|Any CPU
		{198FF77D-5DC9-4FC6-A6BF-4EEEFEB044EB}.AppStore|iPhone.Build.0 = Release|Any CPU
		{198FF77D-5DC9-4FC6-A6BF-4EEEFEB044EB}.AppStore|iPhoneSimulator.ActiveCfg = Release|Any CPU
		{198FF77D-5DC9-4FC6-A6BF-4EEEFEB044EB}.AppStore|iPhoneSimulator.Build.0 = Release|Any CPU
		{198FF77D-5DC9-4FC6-A6BF-4EEEFEB044EB}.Debug|Any CPU.ActiveCfg = Debug|Any CPU
		{198FF77D-5DC9-4FC6-A6BF-4EEEFEB044EB}.Debug|Any CPU.Build.0 = Debug|Any CPU
		{198FF77D-5DC9-4FC6-A6BF-4EEEFEB044EB}.Debug|iPhone.ActiveCfg = Debug|Any CPU
		{198FF77D-5DC9-4FC6-A6BF-4EEEFEB044EB}.Debug|iPhone.Build.0 = Debug|Any CPU
		{198FF77D-5DC9-4FC6-A6BF-4EEEFEB044EB}.Debug|iPhoneSimulator.ActiveCfg = Debug|Any CPU
		{198FF77D-5DC9-4FC6-A6BF-4EEEFEB044EB}.Debug|iPhoneSimulator.Build.0 = Debug|Any CPU
		{198FF77D-5DC9-4FC6-A6BF-4EEEFEB044EB}.Release|Any CPU.ActiveCfg = Release|Any CPU
		{198FF77D-5DC9-4FC6-A6BF-4EEEFEB044EB}.Release|Any CPU.Build.0 = Release|Any CPU
		{198FF77D-5DC9-4FC6-A6BF-4EEEFEB044EB}.Release|iPhone.ActiveCfg = Release|Any CPU
		{198FF77D-5DC9-4FC6-A6BF-4EEEFEB044EB}.Release|iPhone.Build.0 = Release|Any CPU
		{198FF77D-5DC9-4FC6-A6BF-4EEEFEB044EB}.Release|iPhoneSimulator.ActiveCfg = Release|Any CPU
		{198FF77D-5DC9-4FC6-A6BF-4EEEFEB044EB}.Release|iPhoneSimulator.Build.0 = Release|Any CPU
		{DC116E23-D695-4094-9FCF-DE15A14526B5}.Ad-Hoc|Any CPU.ActiveCfg = Release|Any CPU
		{DC116E23-D695-4094-9FCF-DE15A14526B5}.Ad-Hoc|Any CPU.Build.0 = Release|Any CPU
		{DC116E23-D695-4094-9FCF-DE15A14526B5}.Ad-Hoc|Any CPU.Deploy.0 = Release|Any CPU
		{DC116E23-D695-4094-9FCF-DE15A14526B5}.Ad-Hoc|iPhone.ActiveCfg = Release|Any CPU
		{DC116E23-D695-4094-9FCF-DE15A14526B5}.Ad-Hoc|iPhone.Build.0 = Release|Any CPU
		{DC116E23-D695-4094-9FCF-DE15A14526B5}.Ad-Hoc|iPhone.Deploy.0 = Release|Any CPU
		{DC116E23-D695-4094-9FCF-DE15A14526B5}.Ad-Hoc|iPhoneSimulator.ActiveCfg = Release|Any CPU
		{DC116E23-D695-4094-9FCF-DE15A14526B5}.Ad-Hoc|iPhoneSimulator.Build.0 = Release|Any CPU
		{DC116E23-D695-4094-9FCF-DE15A14526B5}.Ad-Hoc|iPhoneSimulator.Deploy.0 = Release|Any CPU
		{DC116E23-D695-4094-9FCF-DE15A14526B5}.AppStore|Any CPU.ActiveCfg = Release|Any CPU
		{DC116E23-D695-4094-9FCF-DE15A14526B5}.AppStore|Any CPU.Build.0 = Release|Any CPU
		{DC116E23-D695-4094-9FCF-DE15A14526B5}.AppStore|Any CPU.Deploy.0 = Release|Any CPU
		{DC116E23-D695-4094-9FCF-DE15A14526B5}.AppStore|iPhone.ActiveCfg = Release|Any CPU
		{DC116E23-D695-4094-9FCF-DE15A14526B5}.AppStore|iPhone.Build.0 = Release|Any CPU
		{DC116E23-D695-4094-9FCF-DE15A14526B5}.AppStore|iPhone.Deploy.0 = Release|Any CPU
		{DC116E23-D695-4094-9FCF-DE15A14526B5}.AppStore|iPhoneSimulator.ActiveCfg = Release|Any CPU
		{DC116E23-D695-4094-9FCF-DE15A14526B5}.AppStore|iPhoneSimulator.Build.0 = Release|Any CPU
		{DC116E23-D695-4094-9FCF-DE15A14526B5}.AppStore|iPhoneSimulator.Deploy.0 = Release|Any CPU
		{DC116E23-D695-4094-9FCF-DE15A14526B5}.Debug|Any CPU.ActiveCfg = Debug|Any CPU
		{DC116E23-D695-4094-9FCF-DE15A14526B5}.Debug|Any CPU.Build.0 = Debug|Any CPU
		{DC116E23-D695-4094-9FCF-DE15A14526B5}.Debug|Any CPU.Deploy.0 = Debug|Any CPU
		{DC116E23-D695-4094-9FCF-DE15A14526B5}.Debug|iPhone.ActiveCfg = Debug|Any CPU
		{DC116E23-D695-4094-9FCF-DE15A14526B5}.Debug|iPhone.Build.0 = Debug|Any CPU
		{DC116E23-D695-4094-9FCF-DE15A14526B5}.Debug|iPhone.Deploy.0 = Debug|Any CPU
		{DC116E23-D695-4094-9FCF-DE15A14526B5}.Debug|iPhoneSimulator.ActiveCfg = Debug|Any CPU
		{DC116E23-D695-4094-9FCF-DE15A14526B5}.Debug|iPhoneSimulator.Build.0 = Debug|Any CPU
		{DC116E23-D695-4094-9FCF-DE15A14526B5}.Debug|iPhoneSimulator.Deploy.0 = Debug|Any CPU
		{DC116E23-D695-4094-9FCF-DE15A14526B5}.Release|Any CPU.ActiveCfg = Release|Any CPU
		{DC116E23-D695-4094-9FCF-DE15A14526B5}.Release|Any CPU.Build.0 = Release|Any CPU
		{DC116E23-D695-4094-9FCF-DE15A14526B5}.Release|Any CPU.Deploy.0 = Release|Any CPU
		{DC116E23-D695-4094-9FCF-DE15A14526B5}.Release|iPhone.ActiveCfg = Release|Any CPU
		{DC116E23-D695-4094-9FCF-DE15A14526B5}.Release|iPhone.Build.0 = Release|Any CPU
		{DC116E23-D695-4094-9FCF-DE15A14526B5}.Release|iPhone.Deploy.0 = Release|Any CPU
		{DC116E23-D695-4094-9FCF-DE15A14526B5}.Release|iPhoneSimulator.ActiveCfg = Release|Any CPU
		{DC116E23-D695-4094-9FCF-DE15A14526B5}.Release|iPhoneSimulator.Build.0 = Release|Any CPU
		{DC116E23-D695-4094-9FCF-DE15A14526B5}.Release|iPhoneSimulator.Deploy.0 = Release|Any CPU
		{A7BBAAFA-AFF2-4FA4-A650-99BC36023BF4}.Ad-Hoc|Any CPU.ActiveCfg = Ad-Hoc|iPhone
		{A7BBAAFA-AFF2-4FA4-A650-99BC36023BF4}.Ad-Hoc|iPhone.ActiveCfg = Ad-Hoc|iPhone
		{A7BBAAFA-AFF2-4FA4-A650-99BC36023BF4}.Ad-Hoc|iPhone.Build.0 = Ad-Hoc|iPhone
		{A7BBAAFA-AFF2-4FA4-A650-99BC36023BF4}.Ad-Hoc|iPhoneSimulator.ActiveCfg = Ad-Hoc|iPhoneSimulator
		{A7BBAAFA-AFF2-4FA4-A650-99BC36023BF4}.Ad-Hoc|iPhoneSimulator.Build.0 = Ad-Hoc|iPhoneSimulator
		{A7BBAAFA-AFF2-4FA4-A650-99BC36023BF4}.AppStore|Any CPU.ActiveCfg = AppStore|iPhone
		{A7BBAAFA-AFF2-4FA4-A650-99BC36023BF4}.AppStore|iPhone.ActiveCfg = AppStore|iPhone
		{A7BBAAFA-AFF2-4FA4-A650-99BC36023BF4}.AppStore|iPhone.Build.0 = AppStore|iPhone
		{A7BBAAFA-AFF2-4FA4-A650-99BC36023BF4}.AppStore|iPhoneSimulator.ActiveCfg = AppStore|iPhoneSimulator
		{A7BBAAFA-AFF2-4FA4-A650-99BC36023BF4}.AppStore|iPhoneSimulator.Build.0 = AppStore|iPhoneSimulator
		{A7BBAAFA-AFF2-4FA4-A650-99BC36023BF4}.Debug|Any CPU.ActiveCfg = Debug|iPhone
		{A7BBAAFA-AFF2-4FA4-A650-99BC36023BF4}.Debug|iPhone.ActiveCfg = Debug|iPhone
		{A7BBAAFA-AFF2-4FA4-A650-99BC36023BF4}.Debug|iPhone.Build.0 = Debug|iPhone
		{A7BBAAFA-AFF2-4FA4-A650-99BC36023BF4}.Debug|iPhoneSimulator.ActiveCfg = Debug|iPhoneSimulator
		{A7BBAAFA-AFF2-4FA4-A650-99BC36023BF4}.Debug|iPhoneSimulator.Build.0 = Debug|iPhoneSimulator
		{A7BBAAFA-AFF2-4FA4-A650-99BC36023BF4}.Release|Any CPU.ActiveCfg = Release|iPhone
		{A7BBAAFA-AFF2-4FA4-A650-99BC36023BF4}.Release|iPhone.ActiveCfg = Release|iPhone
		{A7BBAAFA-AFF2-4FA4-A650-99BC36023BF4}.Release|iPhone.Build.0 = Release|iPhone
		{A7BBAAFA-AFF2-4FA4-A650-99BC36023BF4}.Release|iPhoneSimulator.ActiveCfg = Release|iPhoneSimulator
		{A7BBAAFA-AFF2-4FA4-A650-99BC36023BF4}.Release|iPhoneSimulator.Build.0 = Release|iPhoneSimulator
	EndGlobalSection
	GlobalSection(SolutionProperties) = preSolution
		HideSolutionNode = FALSE
	EndGlobalSection
EndGlobal
