
Microsoft Visual Studio Solution File, Format Version 12.00
# Visual Studio 15
VisualStudioVersion = 15.0.26430.16
MinimumVisualStudioVersion = 10.0.40219.1
Project("{FAE04EC0-301F-11D3-BF4B-00C04F79EFBC}") = "XFNaviPara", "XFNaviPara\XFNaviPara\XFNaviPara.csproj", "{0CABDC80-DBB8-4CCB-A6A8-0B0F78B59DE6}"
EndProject
Project("{FAE04EC0-301F-11D3-BF4B-00C04F79EFBC}") = "XFNaviPara.Droid", "XFNaviPara\XFNaviPara.Droid\XFNaviPara.Droid.csproj", "{EE1CD48B-278F-4015-A3EC-682181AA7D45}"
EndProject
Global
	GlobalSection(SolutionConfigurationPlatforms) = preSolution
		Debug|Any CPU = Debug|Any CPU
		Release|Any CPU = Release|Any CPU
	EndGlobalSection
	GlobalSection(ProjectConfigurationPlatforms) = postSolution
		{0CABDC80-DBB8-4CCB-A6A8-0B0F78B59DE6}.Debug|Any CPU.ActiveCfg = Debug|Any CPU
		{0CABDC80-DBB8-4CCB-A6A8-0B0F78B59DE6}.Debug|Any CPU.Build.0 = Debug|Any CPU
		{0CABDC80-DBB8-4CCB-A6A8-0B0F78B59DE6}.Release|Any CPU.ActiveCfg = Release|Any CPU
		{0CABDC80-DBB8-4CCB-A6A8-0B0F78B59DE6}.Release|Any CPU.Build.0 = Release|Any CPU
		{EE1CD48B-278F-4015-A3EC-682181AA7D45}.Debug|Any CPU.ActiveCfg = Debug|Any CPU
		{EE1CD48B-278F-4015-A3EC-682181AA7D45}.Debug|Any CPU.Build.0 = Debug|Any CPU
		{EE1CD48B-278F-4015-A3EC-682181AA7D45}.Debug|Any CPU.Deploy.0 = Debug|Any CPU
		{EE1CD48B-278F-4015-A3EC-682181AA7D45}.Release|Any CPU.ActiveCfg = Release|Any CPU
		{EE1CD48B-278F-4015-A3EC-682181AA7D45}.Release|Any CPU.Build.0 = Release|Any CPU
		{EE1CD48B-278F-4015-A3EC-682181AA7D45}.Release|Any CPU.Deploy.0 = Release|Any CPU
	EndGlobalSection
	GlobalSection(SolutionProperties) = preSolution
		HideSolutionNode = FALSE
	EndGlobalSection
EndGlobal
